// !$*UTF8*$!
{
	archiveVersion = 1;
	classes = {
	};
	objectVersion = 46;
	objects = {

/* Begin PBXBuildFile section */
		3BE9AF751BDE5083004A476D /* google_maps_sdkTests.m in Sources */ = {isa = PBXBuildFile; fileRef = 3BE9AF741BDE5083004A476D /* google_maps_sdkTests.m */; };
		3BE9AF801BDE5083004A476D /* google_maps_sdkUITests.m in Sources */ = {isa = PBXBuildFile; fileRef = 3BE9AF7F1BDE5083004A476D /* google_maps_sdkUITests.m */; };
		3BE9AF9D1BDE50D9004A476D /* AppDelegate.m in Sources */ = {isa = PBXBuildFile; fileRef = 3BE9AF8F1BDE50D9004A476D /* AppDelegate.m */; };
		3BE9AF9E1BDE50D9004A476D /* ViewController.m in Sources */ = {isa = PBXBuildFile; fileRef = 3BE9AF921BDE50D9004A476D /* ViewController.m */; };
		3BE9AF9F1BDE50D9004A476D /* Assets.xcassets in Resources */ = {isa = PBXBuildFile; fileRef = 3BE9AF951BDE50D9004A476D /* Assets.xcassets */; };
		3BE9AFA01BDE50D9004A476D /* LaunchScreen.storyboard in Resources */ = {isa = PBXBuildFile; fileRef = 3BE9AF961BDE50D9004A476D /* LaunchScreen.storyboard */; };
		3BE9AFA11BDE50D9004A476D /* Main.storyboard in Resources */ = {isa = PBXBuildFile; fileRef = 3BE9AF981BDE50D9004A476D /* Main.storyboard */; };
		3BE9AFA21BDE50D9004A476D /* Info.plist in Resources */ = {isa = PBXBuildFile; fileRef = 3BE9AF9B1BDE50D9004A476D /* Info.plist */; };
		3BE9AFA31BDE50D9004A476D /* main.m in Sources */ = {isa = PBXBuildFile; fileRef = 3BE9AF9C1BDE50D9004A476D /* main.m */; };
		3BE9AFA61BDE51EF004A476D /* GoogleMaps.bundle in Resources */ = {isa = PBXBuildFile; fileRef = 3BE9AFA51BDE51EF004A476D /* GoogleMaps.bundle */; };
		3BE9AFA91BDE520A004A476D /* GoogleMaps.framework in Frameworks */ = {isa = PBXBuildFile; fileRef = 3BE9AFA81BDE520A004A476D /* GoogleMaps.framework */; };
		3BE9AFAB1BDE525F004A476D /* libz.tbd in Frameworks */ = {isa = PBXBuildFile; fileRef = 3BE9AFAA1BDE525F004A476D /* libz.tbd */; };
		3BE9AFAD1BDE5274004A476D /* libicucore.tbd in Frameworks */ = {isa = PBXBuildFile; fileRef = 3BE9AFAC1BDE5273004A476D /* libicucore.tbd */; };
		3BE9AFAF1BDE527D004A476D /* libc++.tbd in Frameworks */ = {isa = PBXBuildFile; fileRef = 3BE9AFAE1BDE527D004A476D /* libc++.tbd */; };
		3BE9AFB11BDE5287004A476D /* libobjc.tbd in Frameworks */ = {isa = PBXBuildFile; fileRef = 3BE9AFB01BDE5287004A476D /* libobjc.tbd */; };
		3BE9AFB31BDE5296004A476D /* Accelerate.framework in Frameworks */ = {isa = PBXBuildFile; fileRef = 3BE9AFB21BDE5296004A476D /* Accelerate.framework */; };
		3BE9AFB51BDE52A6004A476D /* AVFoundation.framework in Frameworks */ = {isa = PBXBuildFile; fileRef = 3BE9AFB41BDE52A6004A476D /* AVFoundation.framework */; };
		3BE9AFB71BDE52B2004A476D /* CoreBluetooth.framework in Frameworks */ = {isa = PBXBuildFile; fileRef = 3BE9AFB61BDE52B1004A476D /* CoreBluetooth.framework */; };
		3BE9AFB91BDE52BA004A476D /* CoreData.framework in Frameworks */ = {isa = PBXBuildFile; fileRef = 3BE9AFB81BDE52BA004A476D /* CoreData.framework */; };
		3BE9AFBB1BDE52CD004A476D /* CoreGraphics.framework in Frameworks */ = {isa = PBXBuildFile; fileRef = 3BE9AFBA1BDE52CD004A476D /* CoreGraphics.framework */; };
		3BE9AFBD1BDE52D3004A476D /* CoreLocation.framework in Frameworks */ = {isa = PBXBuildFile; fileRef = 3BE9AFBC1BDE52D3004A476D /* CoreLocation.framework */; };
		3BE9AFBF1BDE52DB004A476D /* CoreText.framework in Frameworks */ = {isa = PBXBuildFile; fileRef = 3BE9AFBE1BDE52DB004A476D /* CoreText.framework */; };
		3BE9AFC11BDE52E0004A476D /* GLKit.framework in Frameworks */ = {isa = PBXBuildFile; fileRef = 3BE9AFC01BDE52E0004A476D /* GLKit.framework */; };
		3BE9AFC31BDE52E6004A476D /* ImageIO.framework in Frameworks */ = {isa = PBXBuildFile; fileRef = 3BE9AFC21BDE52E6004A476D /* ImageIO.framework */; };
		3BE9AFC51BDE52EB004A476D /* OpenGLES.framework in Frameworks */ = {isa = PBXBuildFile; fileRef = 3BE9AFC41BDE52EB004A476D /* OpenGLES.framework */; };
		3BE9AFC71BDE52F1004A476D /* QuartzCore.framework in Frameworks */ = {isa = PBXBuildFile; fileRef = 3BE9AFC61BDE52F1004A476D /* QuartzCore.framework */; };
		3BE9AFC91BDE52F7004A476D /* Security.framework in Frameworks */ = {isa = PBXBuildFile; fileRef = 3BE9AFC81BDE52F7004A476D /* Security.framework */; };
		3BE9AFCB1BDE52FD004A476D /* SystemConfiguration.framework in Frameworks */ = {isa = PBXBuildFile; fileRef = 3BE9AFCA1BDE52FD004A476D /* SystemConfiguration.framework */; };
		3BE9AFCD1BDE5403004A476D /* Default-568h@2x.png in Resources */ = {isa = PBXBuildFile; fileRef = 3BE9AFCC1BDE5403004A476D /* Default-568h@2x.png */; };
/* End PBXBuildFile section */

/* Begin PBXContainerItemProxy section */
		3BE9AF711BDE5083004A476D /* PBXContainerItemProxy */ = {
			isa = PBXContainerItemProxy;
			containerPortal = 3BE9AF4F1BDE5082004A476D /* Project object */;
			proxyType = 1;
			remoteGlobalIDString = 3BE9AF561BDE5082004A476D;
			remoteInfo = "google-maps-sdk";
		};
		3BE9AF7C1BDE5083004A476D /* PBXContainerItemProxy */ = {
			isa = PBXContainerItemProxy;
			containerPortal = 3BE9AF4F1BDE5082004A476D /* Project object */;
			proxyType = 1;
			remoteGlobalIDString = 3BE9AF561BDE5082004A476D;
			remoteInfo = "google-maps-sdk";
		};
/* End PBXContainerItemProxy section */

/* Begin PBXFileReference section */
		3BE9AF571BDE5082004A476D /* google-maps-sdk.app */ = {isa = PBXFileReference; explicitFileType = wrapper.application; includeInIndex = 0; path = "google-maps-sdk.app"; sourceTree = BUILT_PRODUCTS_DIR; };
		3BE9AF701BDE5083004A476D /* google-maps-sdkTests.xctest */ = {isa = PBXFileReference; explicitFileType = wrapper.cfbundle; includeInIndex = 0; path = "google-maps-sdkTests.xctest"; sourceTree = BUILT_PRODUCTS_DIR; };
		3BE9AF741BDE5083004A476D /* google_maps_sdkTests.m */ = {isa = PBXFileReference; lastKnownFileType = sourcecode.c.objc; path = google_maps_sdkTests.m; sourceTree = "<group>"; };
		3BE9AF761BDE5083004A476D /* Info.plist */ = {isa = PBXFileReference; lastKnownFileType = text.plist.xml; path = Info.plist; sourceTree = "<group>"; };
		3BE9AF7B1BDE5083004A476D /* google-maps-sdkUITests.xctest */ = {isa = PBXFileReference; explicitFileType = wrapper.cfbundle; includeInIndex = 0; path = "google-maps-sdkUITests.xctest"; sourceTree = BUILT_PRODUCTS_DIR; };
		3BE9AF7F1BDE5083004A476D /* google_maps_sdkUITests.m */ = {isa = PBXFileReference; lastKnownFileType = sourcecode.c.objc; path = google_maps_sdkUITests.m; sourceTree = "<group>"; };
		3BE9AF811BDE5083004A476D /* Info.plist */ = {isa = PBXFileReference; lastKnownFileType = text.plist.xml; path = Info.plist; sourceTree = "<group>"; };
		3BE9AF8E1BDE50D9004A476D /* AppDelegate.h */ = {isa = PBXFileReference; fileEncoding = 4; lastKnownFileType = sourcecode.c.h; path = AppDelegate.h; sourceTree = "<group>"; };
		3BE9AF8F1BDE50D9004A476D /* AppDelegate.m */ = {isa = PBXFileReference; fileEncoding = 4; lastKnownFileType = sourcecode.c.objc; path = AppDelegate.m; sourceTree = "<group>"; };
		3BE9AF911BDE50D9004A476D /* ViewController.h */ = {isa = PBXFileReference; fileEncoding = 4; lastKnownFileType = sourcecode.c.h; path = ViewController.h; sourceTree = "<group>"; };
		3BE9AF921BDE50D9004A476D /* ViewController.m */ = {isa = PBXFileReference; fileEncoding = 4; lastKnownFileType = sourcecode.c.objc; path = ViewController.m; sourceTree = "<group>"; };
		3BE9AF951BDE50D9004A476D /* Assets.xcassets */ = {isa = PBXFileReference; lastKnownFileType = folder.assetcatalog; path = Assets.xcassets; sourceTree = "<group>"; };
		3BE9AF971BDE50D9004A476D /* Base */ = {isa = PBXFileReference; lastKnownFileType = file.storyboard; name = Base; path = Base.lproj/LaunchScreen.storyboard; sourceTree = "<group>"; };
		3BE9AF991BDE50D9004A476D /* Base */ = {isa = PBXFileReference; lastKnownFileType = file.storyboard; name = Base; path = Base.lproj/Main.storyboard; sourceTree = "<group>"; };
		3BE9AF9B1BDE50D9004A476D /* Info.plist */ = {isa = PBXFileReference; fileEncoding = 4; lastKnownFileType = text.plist.xml; path = Info.plist; sourceTree = "<group>"; };
		3BE9AF9C1BDE50D9004A476D /* main.m */ = {isa = PBXFileReference; fileEncoding = 4; lastKnownFileType = sourcecode.c.objc; path = main.m; sourceTree = "<group>"; };
		3BE9AFA51BDE51EF004A476D /* GoogleMaps.bundle */ = {isa = PBXFileReference; lastKnownFileType = "wrapper.plug-in"; path = GoogleMaps.bundle; sourceTree = "<group>"; };
		3BE9AFA81BDE520A004A476D /* GoogleMaps.framework */ = {isa = PBXFileReference; lastKnownFileType = wrapper.framework; path = GoogleMaps.framework; sourceTree = "<group>"; };
		3BE9AFAA1BDE525F004A476D /* libz.tbd */ = {isa = PBXFileReference; lastKnownFileType = "sourcecode.text-based-dylib-definition"; name = libz.tbd; path = usr/lib/libz.tbd; sourceTree = SDKROOT; };
		3BE9AFAC1BDE5273004A476D /* libicucore.tbd */ = {isa = PBXFileReference; lastKnownFileType = "sourcecode.text-based-dylib-definition"; name = libicucore.tbd; path = usr/lib/libicucore.tbd; sourceTree = SDKROOT; };
		3BE9AFAE1BDE527D004A476D /* libc++.tbd */ = {isa = PBXFileReference; lastKnownFileType = "sourcecode.text-based-dylib-definition"; name = "libc++.tbd"; path = "usr/lib/libc++.tbd"; sourceTree = SDKROOT; };
		3BE9AFB01BDE5287004A476D /* libobjc.tbd */ = {isa = PBXFileReference; lastKnownFileType = "sourcecode.text-based-dylib-definition"; name = libobjc.tbd; path = usr/lib/libobjc.tbd; sourceTree = SDKROOT; };
		3BE9AFB21BDE5296004A476D /* Accelerate.framework */ = {isa = PBXFileReference; lastKnownFileType = wrapper.framework; name = Accelerate.framework; path = System/Library/Frameworks/Accelerate.framework; sourceTree = SDKROOT; };
		3BE9AFB41BDE52A6004A476D /* AVFoundation.framework */ = {isa = PBXFileReference; lastKnownFileType = wrapper.framework; name = AVFoundation.framework; path = System/Library/Frameworks/AVFoundation.framework; sourceTree = SDKROOT; };
		3BE9AFB61BDE52B1004A476D /* CoreBluetooth.framework */ = {isa = PBXFileReference; lastKnownFileType = wrapper.framework; name = CoreBluetooth.framework; path = System/Library/Frameworks/CoreBluetooth.framework; sourceTree = SDKROOT; };
		3BE9AFB81BDE52BA004A476D /* CoreData.framework */ = {isa = PBXFileReference; lastKnownFileType = wrapper.framework; name = CoreData.framework; path = System/Library/Frameworks/CoreData.framework; sourceTree = SDKROOT; };
		3BE9AFBA1BDE52CD004A476D /* CoreGraphics.framework */ = {isa = PBXFileReference; lastKnownFileType = wrapper.framework; name = CoreGraphics.framework; path = System/Library/Frameworks/CoreGraphics.framework; sourceTree = SDKROOT; };
		3BE9AFBC1BDE52D3004A476D /* CoreLocation.framework */ = {isa = PBXFileReference; lastKnownFileType = wrapper.framework; name = CoreLocation.framework; path = System/Library/Frameworks/CoreLocation.framework; sourceTree = SDKROOT; };
		3BE9AFBE1BDE52DB004A476D /* CoreText.framework */ = {isa = PBXFileReference; lastKnownFileType = wrapper.framework; name = CoreText.framework; path = System/Library/Frameworks/CoreText.framework; sourceTree = SDKROOT; };
		3BE9AFC01BDE52E0004A476D /* GLKit.framework */ = {isa = PBXFileReference; lastKnownFileType = wrapper.framework; name = GLKit.framework; path = System/Library/Frameworks/GLKit.framework; sourceTree = SDKROOT; };
		3BE9AFC21BDE52E6004A476D /* ImageIO.framework */ = {isa = PBXFileReference; lastKnownFileType = wrapper.framework; name = ImageIO.framework; path = System/Library/Frameworks/ImageIO.framework; sourceTree = SDKROOT; };
		3BE9AFC41BDE52EB004A476D /* OpenGLES.framework */ = {isa = PBXFileReference; lastKnownFileType = wrapper.framework; name = OpenGLES.framework; path = System/Library/Frameworks/OpenGLES.framework; sourceTree = SDKROOT; };
		3BE9AFC61BDE52F1004A476D /* QuartzCore.framework */ = {isa = PBXFileReference; lastKnownFileType = wrapper.framework; name = QuartzCore.framework; path = System/Library/Frameworks/QuartzCore.framework; sourceTree = SDKROOT; };
		3BE9AFC81BDE52F7004A476D /* Security.framework */ = {isa = PBXFileReference; lastKnownFileType = wrapper.framework; name = Security.framework; path = System/Library/Frameworks/Security.framework; sourceTree = SDKROOT; };
		3BE9AFCA1BDE52FD004A476D /* SystemConfiguration.framework */ = {isa = PBXFileReference; lastKnownFileType = wrapper.framework; name = SystemConfiguration.framework; path = System/Library/Frameworks/SystemConfiguration.framework; sourceTree = SDKROOT; };
		3BE9AFCC1BDE5403004A476D /* Default-568h@2x.png */ = {isa = PBXFileReference; lastKnownFileType = image.png; path = "Default-568h@2x.png"; sourceTree = "<group>"; };
/* End PBXFileReference section */

/* Begin PBXFrameworksBuildPhase section */
		3BE9AF541BDE5082004A476D /* Frameworks */ = {
			isa = PBXFrameworksBuildPhase;
			buildActionMask = 2147483647;
			files = (
				3BE9AFCB1BDE52FD004A476D /* SystemConfiguration.framework in Frameworks */,
				3BE9AFC91BDE52F7004A476D /* Security.framework in Frameworks */,
				3BE9AFC71BDE52F1004A476D /* QuartzCore.framework in Frameworks */,
				3BE9AFC51BDE52EB004A476D /* OpenGLES.framework in Frameworks */,
				3BE9AFC31BDE52E6004A476D /* ImageIO.framework in Frameworks */,
				3BE9AFC11BDE52E0004A476D /* GLKit.framework in Frameworks */,
				3BE9AFBF1BDE52DB004A476D /* CoreText.framework in Frameworks */,
				3BE9AFBD1BDE52D3004A476D /* CoreLocation.framework in Frameworks */,
				3BE9AFBB1BDE52CD004A476D /* CoreGraphics.framework in Frameworks */,
				3BE9AFB91BDE52BA004A476D /* CoreData.framework in Frameworks */,
				3BE9AFB71BDE52B2004A476D /* CoreBluetooth.framework in Frameworks */,
				3BE9AFB51BDE52A6004A476D /* AVFoundation.framework in Frameworks */,
				3BE9AFB31BDE5296004A476D /* Accelerate.framework in Frameworks */,
				3BE9AFB11BDE5287004A476D /* libobjc.tbd in Frameworks */,
				3BE9AFAF1BDE527D004A476D /* libc++.tbd in Frameworks */,
				3BE9AFAD1BDE5274004A476D /* libicucore.tbd in Frameworks */,
				3BE9AFAB1BDE525F004A476D /* libz.tbd in Frameworks */,
				3BE9AFA91BDE520A004A476D /* GoogleMaps.framework in Frameworks */,
			);
			runOnlyForDeploymentPostprocessing = 0;
		};
		3BE9AF6D1BDE5083004A476D /* Frameworks */ = {
			isa = PBXFrameworksBuildPhase;
			buildActionMask = 2147483647;
			files = (
			);
			runOnlyForDeploymentPostprocessing = 0;
		};
		3BE9AF781BDE5083004A476D /* Frameworks */ = {
			isa = PBXFrameworksBuildPhase;
			buildActionMask = 2147483647;
			files = (
			);
			runOnlyForDeploymentPostprocessing = 0;
		};
/* End PBXFrameworksBuildPhase section */

/* Begin PBXGroup section */
		3BE9AF4E1BDE5082004A476D = {
			isa = PBXGroup;
			children = (
				3BE9AFCC1BDE5403004A476D /* Default-568h@2x.png */,
				3BE9AFA71BDE520A004A476D /* Frameworks */,
				3BE9AFA41BDE51EF004A476D /* Resources */,
				3BE9AF8D1BDE50D9004A476D /* AppDelegate */,
				3BE9AF901BDE50D9004A476D /* Controller */,
				3BE9AF931BDE50D9004A476D /* Frameworks */,
				3BE9AF941BDE50D9004A476D /* Resources */,
				3BE9AF9A1BDE50D9004A476D /* SupportingFiles */,
				3BE9AF591BDE5082004A476D /* google-maps-sdk */,
				3BE9AF731BDE5083004A476D /* google-maps-sdkTests */,
				3BE9AF7E1BDE5083004A476D /* google-maps-sdkUITests */,
				3BE9AF581BDE5082004A476D /* Products */,
			);
			sourceTree = "<group>";
		};
		3BE9AF581BDE5082004A476D /* Products */ = {
			isa = PBXGroup;
			children = (
				3BE9AF571BDE5082004A476D /* google-maps-sdk.app */,
				3BE9AF701BDE5083004A476D /* google-maps-sdkTests.xctest */,
				3BE9AF7B1BDE5083004A476D /* google-maps-sdkUITests.xctest */,
			);
			name = Products;
			sourceTree = "<group>";
		};
		3BE9AF591BDE5082004A476D /* google-maps-sdk */ = {
			isa = PBXGroup;
			children = (
				3BE9AF5A1BDE5082004A476D /* Supporting Files */,
			);
			path = "google-maps-sdk";
			sourceTree = "<group>";
		};
		3BE9AF5A1BDE5082004A476D /* Supporting Files */ = {
			isa = PBXGroup;
			children = (
			);
			name = "Supporting Files";
			sourceTree = "<group>";
		};
		3BE9AF731BDE5083004A476D /* google-maps-sdkTests */ = {
			isa = PBXGroup;
			children = (
				3BE9AF741BDE5083004A476D /* google_maps_sdkTests.m */,
				3BE9AF761BDE5083004A476D /* Info.plist */,
			);
			path = "google-maps-sdkTests";
			sourceTree = "<group>";
		};
		3BE9AF7E1BDE5083004A476D /* google-maps-sdkUITests */ = {
			isa = PBXGroup;
			children = (
				3BE9AF7F1BDE5083004A476D /* google_maps_sdkUITests.m */,
				3BE9AF811BDE5083004A476D /* Info.plist */,
			);
			path = "google-maps-sdkUITests";
			sourceTree = "<group>";
		};
		3BE9AF8D1BDE50D9004A476D /* AppDelegate */ = {
			isa = PBXGroup;
			children = (
				3BE9AF8E1BDE50D9004A476D /* AppDelegate.h */,
				3BE9AF8F1BDE50D9004A476D /* AppDelegate.m */,
			);
			name = AppDelegate;
			path = "google-maps-sdk/AppDelegate";
			sourceTree = "<group>";
		};
		3BE9AF901BDE50D9004A476D /* Controller */ = {
			isa = PBXGroup;
			children = (
				3BE9AF911BDE50D9004A476D /* ViewController.h */,
				3BE9AF921BDE50D9004A476D /* ViewController.m */,
			);
			name = Controller;
			path = "google-maps-sdk/Controller";
			sourceTree = "<group>";
		};
		3BE9AF931BDE50D9004A476D /* Frameworks */ = {
			isa = PBXGroup;
			children = (
			);
			name = Frameworks;
			path = "google-maps-sdk/Frameworks";
			sourceTree = "<group>";
		};
		3BE9AF941BDE50D9004A476D /* Resources */ = {
			isa = PBXGroup;
			children = (
				3BE9AF951BDE50D9004A476D /* Assets.xcassets */,
				3BE9AF961BDE50D9004A476D /* LaunchScreen.storyboard */,
				3BE9AF981BDE50D9004A476D /* Main.storyboard */,
			);
			name = Resources;
			path = "google-maps-sdk/Resources";
			sourceTree = "<group>";
		};
		3BE9AF9A1BDE50D9004A476D /* SupportingFiles */ = {
			isa = PBXGroup;
			children = (
				3BE9AF9B1BDE50D9004A476D /* Info.plist */,
				3BE9AF9C1BDE50D9004A476D /* main.m */,
			);
			name = SupportingFiles;
			path = "google-maps-sdk/SupportingFiles";
			sourceTree = "<group>";
		};
		3BE9AFA41BDE51EF004A476D /* Resources */ = {
			isa = PBXGroup;
			children = (
				3BE9AFA51BDE51EF004A476D /* GoogleMaps.bundle */,
			);
			name = Resources;
			path = "google-maps-sdk/Frameworks/GoogleMaps.framework/Resources";
			sourceTree = "<group>";
		};
		3BE9AFA71BDE520A004A476D /* Frameworks */ = {
			isa = PBXGroup;
			children = (
				3BE9AFCA1BDE52FD004A476D /* SystemConfiguration.framework */,
				3BE9AFC81BDE52F7004A476D /* Security.framework */,
				3BE9AFC61BDE52F1004A476D /* QuartzCore.framework */,
				3BE9AFC41BDE52EB004A476D /* OpenGLES.framework */,
				3BE9AFC21BDE52E6004A476D /* ImageIO.framework */,
				3BE9AFC01BDE52E0004A476D /* GLKit.framework */,
				3BE9AFBE1BDE52DB004A476D /* CoreText.framework */,
				3BE9AFBC1BDE52D3004A476D /* CoreLocation.framework */,
				3BE9AFBA1BDE52CD004A476D /* CoreGraphics.framework */,
				3BE9AFB81BDE52BA004A476D /* CoreData.framework */,
				3BE9AFB61BDE52B1004A476D /* CoreBluetooth.framework */,
				3BE9AFB41BDE52A6004A476D /* AVFoundation.framework */,
				3BE9AFB21BDE5296004A476D /* Accelerate.framework */,
				3BE9AFB01BDE5287004A476D /* libobjc.tbd */,
				3BE9AFAE1BDE527D004A476D /* libc++.tbd */,
				3BE9AFAC1BDE5273004A476D /* libicucore.tbd */,
				3BE9AFAA1BDE525F004A476D /* libz.tbd */,
				3BE9AFA81BDE520A004A476D /* GoogleMaps.framework */,
			);
			name = Frameworks;
			path = "google-maps-sdk/Frameworks";
			sourceTree = "<group>";
		};
/* End PBXGroup section */

/* Begin PBXNativeTarget section */
		3BE9AF561BDE5082004A476D /* google-maps-sdk */ = {
			isa = PBXNativeTarget;
			buildConfigurationList = 3BE9AF841BDE5083004A476D /* Build configuration list for PBXNativeTarget "google-maps-sdk" */;
			buildPhases = (
				3BE9AF531BDE5082004A476D /* Sources */,
				3BE9AF541BDE5082004A476D /* Frameworks */,
				3BE9AF551BDE5082004A476D /* Resources */,
			);
			buildRules = (
			);
			dependencies = (
			);
			name = "google-maps-sdk";
			productName = "google-maps-sdk";
			productReference = 3BE9AF571BDE5082004A476D /* google-maps-sdk.app */;
			productType = "com.apple.product-type.application";
		};
		3BE9AF6F1BDE5083004A476D /* google-maps-sdkTests */ = {
			isa = PBXNativeTarget;
			buildConfigurationList = 3BE9AF871BDE5083004A476D /* Build configuration list for PBXNativeTarget "google-maps-sdkTests" */;
			buildPhases = (
				3BE9AF6C1BDE5083004A476D /* Sources */,
				3BE9AF6D1BDE5083004A476D /* Frameworks */,
				3BE9AF6E1BDE5083004A476D /* Resources */,
			);
			buildRules = (
			);
			dependencies = (
				3BE9AF721BDE5083004A476D /* PBXTargetDependency */,
			);
			name = "google-maps-sdkTests";
			productName = "google-maps-sdkTests";
			productReference = 3BE9AF701BDE5083004A476D /* google-maps-sdkTests.xctest */;
			productType = "com.apple.product-type.bundle.unit-test";
		};
		3BE9AF7A1BDE5083004A476D /* google-maps-sdkUITests */ = {
			isa = PBXNativeTarget;
			buildConfigurationList = 3BE9AF8A1BDE5083004A476D /* Build configuration list for PBXNativeTarget "google-maps-sdkUITests" */;
			buildPhases = (
				3BE9AF771BDE5083004A476D /* Sources */,
				3BE9AF781BDE5083004A476D /* Frameworks */,
				3BE9AF791BDE5083004A476D /* Resources */,
			);
			buildRules = (
			);
			dependencies = (
				3BE9AF7D1BDE5083004A476D /* PBXTargetDependency */,
			);
			name = "google-maps-sdkUITests";
			productName = "google-maps-sdkUITests";
			productReference = 3BE9AF7B1BDE5083004A476D /* google-maps-sdkUITests.xctest */;
			productType = "com.apple.product-type.bundle.ui-testing";
		};
/* End PBXNativeTarget section */

/* Begin PBXProject section */
		3BE9AF4F1BDE5082004A476D /* Project object */ = {
			isa = PBXProject;
			attributes = {
				LastUpgradeCheck = 0710;
				ORGANIZATIONNAME = "Treinamento Mobile";
				TargetAttributes = {
					3BE9AF561BDE5082004A476D = {
						CreatedOnToolsVersion = 7.1;
					};
					3BE9AF6F1BDE5083004A476D = {
						CreatedOnToolsVersion = 7.1;
						TestTargetID = 3BE9AF561BDE5082004A476D;
					};
					3BE9AF7A1BDE5083004A476D = {
						CreatedOnToolsVersion = 7.1;
						TestTargetID = 3BE9AF561BDE5082004A476D;
					};
				};
			};
			buildConfigurationList = 3BE9AF521BDE5082004A476D /* Build configuration list for PBXProject "google-maps-sdk" */;
			compatibilityVersion = "Xcode 3.2";
			developmentRegion = English;
			hasScannedForEncodings = 0;
			knownRegions = (
				en,
				Base,
			);
			mainGroup = 3BE9AF4E1BDE5082004A476D;
			productRefGroup = 3BE9AF581BDE5082004A476D /* Products */;
			projectDirPath = "";
			projectRoot = "";
			targets = (
				3BE9AF561BDE5082004A476D /* google-maps-sdk */,
				3BE9AF6F1BDE5083004A476D /* google-maps-sdkTests */,
				3BE9AF7A1BDE5083004A476D /* google-maps-sdkUITests */,
			);
		};
/* End PBXProject section */

/* Begin PBXResourcesBuildPhase section */
		3BE9AF551BDE5082004A476D /* Resources */ = {
			isa = PBXResourcesBuildPhase;
			buildActionMask = 2147483647;
			files = (
				3BE9AF9F1BDE50D9004A476D /* Assets.xcassets in Resources */,
				3BE9AFA11BDE50D9004A476D /* Main.storyboard in Resources */,
				3BE9AFA01BDE50D9004A476D /* LaunchScreen.storyboard in Resources */,
				3BE9AFA21BDE50D9004A476D /* Info.plist in Resources */,
				3BE9AFA61BDE51EF004A476D /* GoogleMaps.bundle in Resources */,
				3BE9AFCD1BDE5403004A476D /* Default-568h@2x.png in Resources */,
			);
			runOnlyForDeploymentPostprocessing = 0;
		};
		3BE9AF6E1BDE5083004A476D /* Resources */ = {
			isa = PBXResourcesBuildPhase;
			buildActionMask = 2147483647;
			files = (
			);
			runOnlyForDeploymentPostprocessing = 0;
		};
		3BE9AF791BDE5083004A476D /* Resources */ = {
			isa = PBXResourcesBuildPhase;
			buildActionMask = 2147483647;
			files = (
			);
			runOnlyForDeploymentPostprocessing = 0;
		};
/* End PBXResourcesBuildPhase section */

/* Begin PBXSourcesBuildPhase section */
		3BE9AF531BDE5082004A476D /* Sources */ = {
			isa = PBXSourcesBuildPhase;
			buildActionMask = 2147483647;
			files = (
				3BE9AF9D1BDE50D9004A476D /* AppDelegate.m in Sources */,
				3BE9AFA31BDE50D9004A476D /* main.m in Sources */,
				3BE9AF9E1BDE50D9004A476D /* ViewController.m in Sources */,
			);
			runOnlyForDeploymentPostprocessing = 0;
		};
		3BE9AF6C1BDE5083004A476D /* Sources */ = {
			isa = PBXSourcesBuildPhase;
			buildActionMask = 2147483647;
			files = (
				3BE9AF751BDE5083004A476D /* google_maps_sdkTests.m in Sources */,
			);
			runOnlyForDeploymentPostprocessing = 0;
		};
		3BE9AF771BDE5083004A476D /* Sources */ = {
			isa = PBXSourcesBuildPhase;
			buildActionMask = 2147483647;
			files = (
				3BE9AF801BDE5083004A476D /* google_maps_sdkUITests.m in Sources */,
			);
			runOnlyForDeploymentPostprocessing = 0;
		};
/* End PBXSourcesBuildPhase section */

/* Begin PBXTargetDependency section */
		3BE9AF721BDE5083004A476D /* PBXTargetDependency */ = {
			isa = PBXTargetDependency;
			target = 3BE9AF561BDE5082004A476D /* google-maps-sdk */;
			targetProxy = 3BE9AF711BDE5083004A476D /* PBXContainerItemProxy */;
		};
		3BE9AF7D1BDE5083004A476D /* PBXTargetDependency */ = {
			isa = PBXTargetDependency;
			target = 3BE9AF561BDE5082004A476D /* google-maps-sdk */;
			targetProxy = 3BE9AF7C1BDE5083004A476D /* PBXContainerItemProxy */;
		};
/* End PBXTargetDependency section */

/* Begin PBXVariantGroup section */
		3BE9AF961BDE50D9004A476D /* LaunchScreen.storyboard */ = {
			isa = PBXVariantGroup;
			children = (
				3BE9AF971BDE50D9004A476D /* Base */,
			);
			name = LaunchScreen.storyboard;
			sourceTree = "<group>";
		};
		3BE9AF981BDE50D9004A476D /* Main.storyboard */ = {
			isa = PBXVariantGroup;
			children = (
				3BE9AF991BDE50D9004A476D /* Base */,
			);
			name = Main.storyboard;
			sourceTree = "<group>";
		};
/* End PBXVariantGroup section */

/* Begin XCBuildConfiguration section */
		3BE9AF821BDE5083004A476D /* Debug */ = {
			isa = XCBuildConfiguration;
			buildSettings = {
				ALWAYS_SEARCH_USER_PATHS = NO;
				CLANG_CXX_LANGUAGE_STANDARD = "gnu++0x";
				CLANG_CXX_LIBRARY = "libc++";
				CLANG_ENABLE_MODULES = YES;
				CLANG_ENABLE_OBJC_ARC = YES;
				CLANG_WARN_BOOL_CONVERSION = YES;
				CLANG_WARN_CONSTANT_CONVERSION = YES;
				CLANG_WARN_DIRECT_OBJC_ISA_USAGE = YES_ERROR;
				CLANG_WARN_EMPTY_BODY = YES;
				CLANG_WARN_ENUM_CONVERSION = YES;
				CLANG_WARN_INT_CONVERSION = YES;
				CLANG_WARN_OBJC_ROOT_CLASS = YES_ERROR;
				CLANG_WARN_UNREACHABLE_CODE = YES;
				CLANG_WARN__DUPLICATE_METHOD_MATCH = YES;
				"CODE_SIGN_IDENTITY[sdk=iphoneos*]" = "iPhone Developer";
				COPY_PHASE_STRIP = NO;
				DEBUG_INFORMATION_FORMAT = dwarf;
				ENABLE_STRICT_OBJC_MSGSEND = YES;
				ENABLE_TESTABILITY = YES;
				GCC_C_LANGUAGE_STANDARD = gnu99;
				GCC_DYNAMIC_NO_PIC = NO;
				GCC_NO_COMMON_BLOCKS = YES;
				GCC_OPTIMIZATION_LEVEL = 0;
				GCC_PREPROCESSOR_DEFINITIONS = (
					"DEBUG=1",
					"$(inherited)",
				);
				GCC_WARN_64_TO_32_BIT_CONVERSION = YES;
				GCC_WARN_ABOUT_RETURN_TYPE = YES_ERROR;
				GCC_WARN_UNDECLARED_SELECTOR = YES;
				GCC_WARN_UNINITIALIZED_AUTOS = YES_AGGRESSIVE;
				GCC_WARN_UNUSED_FUNCTION = YES;
				GCC_WARN_UNUSED_VARIABLE = YES;
				IPHONEOS_DEPLOYMENT_TARGET = 9.1;
				MTL_ENABLE_DEBUG_INFO = YES;
				ONLY_ACTIVE_ARCH = YES;
				SDKROOT = iphoneos;
				TARGETED_DEVICE_FAMILY = "1,2";
			};
			name = Debug;
		};
		3BE9AF831BDE5083004A476D /* Release */ = {
			isa = XCBuildConfiguration;
			buildSettings = {
				ALWAYS_SEARCH_USER_PATHS = NO;
				CLANG_CXX_LANGUAGE_STANDARD = "gnu++0x";
				CLANG_CXX_LIBRARY = "libc++";
				CLANG_ENABLE_MODULES = YES;
				CLANG_ENABLE_OBJC_ARC = YES;
				CLANG_WARN_BOOL_CONVERSION = YES;
				CLANG_WARN_CONSTANT_CONVERSION = YES;
				CLANG_WARN_DIRECT_OBJC_ISA_USAGE = YES_ERROR;
				CLANG_WARN_EMPTY_BODY = YES;
				CLANG_WARN_ENUM_CONVERSION = YES;
				CLANG_WARN_INT_CONVERSION = YES;
				CLANG_WARN_OBJC_ROOT_CLASS = YES_ERROR;
				CLANG_WARN_UNREACHABLE_CODE = YES;
				CLANG_WARN__DUPLICATE_METHOD_MATCH = YES;
				"CODE_SIGN_IDENTITY[sdk=iphoneos*]" = "iPhone Developer";
				COPY_PHASE_STRIP = NO;
				DEBUG_INFORMATION_FORMAT = "dwarf-with-dsym";
				ENABLE_NS_ASSERTIONS = NO;
				ENABLE_STRICT_OBJC_MSGSEND = YES;
				GCC_C_LANGUAGE_STANDARD = gnu99;
				GCC_NO_COMMON_BLOCKS = YES;
				GCC_WARN_64_TO_32_BIT_CONVERSION = YES;
				GCC_WARN_ABOUT_RETURN_TYPE = YES_ERROR;
				GCC_WARN_UNDECLARED_SELECTOR = YES;
				GCC_WARN_UNINITIALIZED_AUTOS = YES_AGGRESSIVE;
				GCC_WARN_UNUSED_FUNCTION = YES;
				GCC_WARN_UNUSED_VARIABLE = YES;
				IPHONEOS_DEPLOYMENT_TARGET = 9.1;
				MTL_ENABLE_DEBUG_INFO = NO;
				SDKROOT = iphoneos;
				TARGETED_DEVICE_FAMILY = "1,2";
				VALIDATE_PRODUCT = YES;
			};
			name = Release;
		};
		3BE9AF851BDE5083004A476D /* Debug */ = {
			isa = XCBuildConfiguration;
			buildSettings = {
				ASSETCATALOG_COMPILER_APPICON_NAME = AppIcon;
				FRAMEWORK_SEARCH_PATHS = (
					"$(inherited)",
					"$(PROJECT_DIR)/google-maps-sdk/Frameworks",
				);
				INFOPLIST_FILE = "$(SRCROOT)/google-maps-sdk/SupportingFiles/Info.plist";
				LD_RUNPATH_SEARCH_PATHS = "$(inherited) @executable_path/Frameworks";
				OTHER_LDFLAGS = "-ObjC";
				PRODUCT_BUNDLE_IDENTIFIER = "br.com.locaweb.treinamento.google-maps-sdk";
				PRODUCT_NAME = "$(TARGET_NAME)";
			};
			name = Debug;
		};
		3BE9AF861BDE5083004A476D /* Release */ = {
			isa = XCBuildConfiguration;
			buildSettings = {
				ASSETCATALOG_COMPILER_APPICON_NAME = AppIcon;
				FRAMEWORK_SEARCH_PATHS = (
					"$(inherited)",
					"$(PROJECT_DIR)/google-maps-sdk/Frameworks",
				);
				INFOPLIST_FILE = "$(SRCROOT)/google-maps-sdk/SupportingFiles/Info.plist";
				LD_RUNPATH_SEARCH_PATHS = "$(inherited) @executable_path/Frameworks";
				OTHER_LDFLAGS = "-ObjC";
				PRODUCT_BUNDLE_IDENTIFIER = "br.com.locaweb.treinamento.google-maps-sdk";
				PRODUCT_NAME = "$(TARGET_NAME)";
			};
			name = Release;
		};
		3BE9AF881BDE5083004A476D /* Debug */ = {
			isa = XCBuildConfiguration;
			buildSettings = {
				BUNDLE_LOADER = "$(TEST_HOST)";
				INFOPLIST_FILE = "google-maps-sdkTests/Info.plist";
				LD_RUNPATH_SEARCH_PATHS = "$(inherited) @executable_path/Frameworks @loader_path/Frameworks";
				PRODUCT_BUNDLE_IDENTIFIER = "br.com.locaweb.treinamento.google-maps-sdkTests";
				PRODUCT_NAME = "$(TARGET_NAME)";
				TEST_HOST = "$(BUILT_PRODUCTS_DIR)/google-maps-sdk.app/google-maps-sdk";
			};
			name = Debug;
		};
		3BE9AF891BDE5083004A476D /* Release */ = {
			isa = XCBuildConfiguration;
			buildSettings = {
				BUNDLE_LOADER = "$(TEST_HOST)";
				INFOPLIST_FILE = "google-maps-sdkTests/Info.plist";
				LD_RUNPATH_SEARCH_PATHS = "$(inherited) @executable_path/Frameworks @loader_path/Frameworks";
				PRODUCT_BUNDLE_IDENTIFIER = "br.com.locaweb.treinamento.google-maps-sdkTests";
				PRODUCT_NAME = "$(TARGET_NAME)";
				TEST_HOST = "$(BUILT_PRODUCTS_DIR)/google-maps-sdk.app/google-maps-sdk";
			};
			name = Release;
		};
		3BE9AF8B1BDE5083004A476D /* Debug */ = {
			isa = XCBuildConfiguration;
			buildSettings = {
				INFOPLIST_FILE = "google-maps-sdkUITests/Info.plist";
				LD_RUNPATH_SEARCH_PATHS = "$(inherited) @executable_path/Frameworks @loader_path/Frameworks";
				PRODUCT_BUNDLE_IDENTIFIER = "br.com.locaweb.treinamento.google-maps-sdkUITests";
				PRODUCT_NAME = "$(TARGET_NAME)";
				TEST_TARGET_NAME = "google-maps-sdk";
				USES_XCTRUNNER = YES;
			};
			name = Debug;
		};
		3BE9AF8C1BDE5083004A476D /* Release */ = {
			isa = XCBuildConfiguration;
			buildSettings = {
				INFOPLIST_FILE = "google-maps-sdkUITests/Info.plist";
				LD_RUNPATH_SEARCH_PATHS = "$(inherited) @executable_path/Frameworks @loader_path/Frameworks";
				PRODUCT_BUNDLE_IDENTIFIER = "br.com.locaweb.treinamento.google-maps-sdkUITests";
				PRODUCT_NAME = "$(TARGET_NAME)";
				TEST_TARGET_NAME = "google-maps-sdk";
				USES_XCTRUNNER = YES;
			};
			name = Release;
		};
/* End XCBuildConfiguration section */

/* Begin XCConfigurationList section */
		3BE9AF521BDE5082004A476D /* Build configuration list for PBXProject "google-maps-sdk" */ = {
			isa = XCConfigurationList;
			buildConfigurations = (
				3BE9AF821BDE5083004A476D /* Debug */,
				3BE9AF831BDE5083004A476D /* Release */,
			);
			defaultConfigurationIsVisible = 0;
			defaultConfigurationName = Release;
		};
		3BE9AF841BDE5083004A476D /* Build configuration list for PBXNativeTarget "google-maps-sdk" */ = {
			isa = XCConfigurationList;
			buildConfigurations = (
				3BE9AF851BDE5083004A476D /* Debug */,
				3BE9AF861BDE5083004A476D /* Release */,
			);
			defaultConfigurationIsVisible = 0;
		};
		3BE9AF871BDE5083004A476D /* Build configuration list for PBXNativeTarget "google-maps-sdkTests" */ = {
			isa = XCConfigurationList;
			buildConfigurations = (
				3BE9AF881BDE5083004A476D /* Debug */,
				3BE9AF891BDE5083004A476D /* Release */,
			);
			defaultConfigurationIsVisible = 0;
		};
		3BE9AF8A1BDE5083004A476D /* Build configuration list for PBXNativeTarget "google-maps-sdkUITests" */ = {
			isa = XCConfigurationList;
			buildConfigurations = (
				3BE9AF8B1BDE5083004A476D /* Debug */,
				3BE9AF8C1BDE5083004A476D /* Release */,
			);
			defaultConfigurationIsVisible = 0;
		};
/* End XCConfigurationList section */
	};
	rootObject = 3BE9AF4F1BDE5082004A476D /* Project object */;
}
